// !$*UTF8*$!
{
	archiveVersion = 1;
	classes = {
	};
	objectVersion = 56;
	objects = {

/* Begin PBXBuildFile section */
		2BD45F432A1C98D200334AC7 /* AppDelegate.swift in Sources */ = {isa = PBXBuildFile; fileRef = 2BD45F422A1C98D200334AC7 /* AppDelegate.swift */; };
		2BD45F452A1C98D200334AC7 /* SceneDelegate.swift in Sources */ = {isa = PBXBuildFile; fileRef = 2BD45F442A1C98D200334AC7 /* SceneDelegate.swift */; };
		2BD45F472A1C98D200334AC7 /* ViewController.swift in Sources */ = {isa = PBXBuildFile; fileRef = 2BD45F462A1C98D200334AC7 /* ViewController.swift */; };
		2BD45F4A2A1C98D200334AC7 /* Main.storyboard in Resources */ = {isa = PBXBuildFile; fileRef = 2BD45F482A1C98D200334AC7 /* Main.storyboard */; };
		2BD45F4C2A1C98DD00334AC7 /* Assets.xcassets in Resources */ = {isa = PBXBuildFile; fileRef = 2BD45F4B2A1C98DD00334AC7 /* Assets.xcassets */; };
		2BD45F4F2A1C98DD00334AC7 /* LaunchScreen.storyboard in Resources */ = {isa = PBXBuildFile; fileRef = 2BD45F4D2A1C98DD00334AC7 /* LaunchScreen.storyboard */; };
		2BD45F572A1C9B4F00334AC7 /* BannerCollectionViewCell.swift in Sources */ = {isa = PBXBuildFile; fileRef = 2BD45F562A1C9B4F00334AC7 /* BannerCollectionViewCell.swift */; };
		2BDB0D1F2A1F959D003A3228 /* Photo.swift in Sources */ = {isa = PBXBuildFile; fileRef = 2BDB0D1E2A1F959D003A3228 /* Photo.swift */; };
		2BDB0D212A20760A003A3228 /* APIRequest.swift in Sources */ = {isa = PBXBuildFile; fileRef = 2BDB0D202A20760A003A3228 /* APIRequest.swift */; };
		2BDB0D232A2080AF003A3228 /* APIService.swift in Sources */ = {isa = PBXBuildFile; fileRef = 2BDB0D222A2080AF003A3228 /* APIService.swift */; };
		2BDB0D252A209F17003A3228 /* Error.swift in Sources */ = {isa = PBXBuildFile; fileRef = 2BDB0D242A209F17003A3228 /* Error.swift */; };
		2BDB0D292A20A4FA003A3228 /* HTTPMethod.swift in Sources */ = {isa = PBXBuildFile; fileRef = 2BDB0D282A20A4FA003A3228 /* HTTPMethod.swift */; };
		2BDB0D302A236BB1003A3228 /* BannerCollectionViewCell+Extenstion.swift in Sources */ = {isa = PBXBuildFile; fileRef = 2BDB0D2F2A236BB1003A3228 /* BannerCollectionViewCell+Extenstion.swift */; };
/* End PBXBuildFile section */

/* Begin PBXFileReference section */
		2BD45F3F2A1C98D200334AC7 /* banner.app */ = {isa = PBXFileReference; explicitFileType = wrapper.application; includeInIndex = 0; path = banner.app; sourceTree = BUILT_PRODUCTS_DIR; };
		2BD45F422A1C98D200334AC7 /* AppDelegate.swift */ = {isa = PBXFileReference; lastKnownFileType = sourcecode.swift; path = AppDelegate.swift; sourceTree = "<group>"; };
		2BD45F442A1C98D200334AC7 /* SceneDelegate.swift */ = {isa = PBXFileReference; lastKnownFileType = sourcecode.swift; path = SceneDelegate.swift; sourceTree = "<group>"; };
		2BD45F462A1C98D200334AC7 /* ViewController.swift */ = {isa = PBXFileReference; lastKnownFileType = sourcecode.swift; path = ViewController.swift; sourceTree = "<group>"; };
		2BD45F492A1C98D200334AC7 /* Base */ = {isa = PBXFileReference; lastKnownFileType = file.storyboard; name = Base; path = Base.lproj/Main.storyboard; sourceTree = "<group>"; };
		2BD45F4B2A1C98DD00334AC7 /* Assets.xcassets */ = {isa = PBXFileReference; lastKnownFileType = folder.assetcatalog; path = Assets.xcassets; sourceTree = "<group>"; };
		2BD45F4E2A1C98DD00334AC7 /* Base */ = {isa = PBXFileReference; lastKnownFileType = file.storyboard; name = Base; path = Base.lproj/LaunchScreen.storyboard; sourceTree = "<group>"; };
		2BD45F502A1C98DD00334AC7 /* Info.plist */ = {isa = PBXFileReference; lastKnownFileType = text.plist.xml; path = Info.plist; sourceTree = "<group>"; };
		2BD45F562A1C9B4F00334AC7 /* BannerCollectionViewCell.swift */ = {isa = PBXFileReference; lastKnownFileType = sourcecode.swift; path = BannerCollectionViewCell.swift; sourceTree = "<group>"; };
		2BDB0D1E2A1F959D003A3228 /* Photo.swift */ = {isa = PBXFileReference; lastKnownFileType = sourcecode.swift; path = Photo.swift; sourceTree = "<group>"; };
		2BDB0D202A20760A003A3228 /* APIRequest.swift */ = {isa = PBXFileReference; lastKnownFileType = sourcecode.swift; path = APIRequest.swift; sourceTree = "<group>"; };
		2BDB0D222A2080AF003A3228 /* APIService.swift */ = {isa = PBXFileReference; lastKnownFileType = sourcecode.swift; path = APIService.swift; sourceTree = "<group>"; };
		2BDB0D242A209F17003A3228 /* Error.swift */ = {isa = PBXFileReference; lastKnownFileType = sourcecode.swift; path = Error.swift; sourceTree = "<group>"; };
		2BDB0D282A20A4FA003A3228 /* HTTPMethod.swift */ = {isa = PBXFileReference; lastKnownFileType = sourcecode.swift; path = HTTPMethod.swift; sourceTree = "<group>"; };
		2BDB0D2F2A236BB1003A3228 /* BannerCollectionViewCell+Extenstion.swift */ = {isa = PBXFileReference; lastKnownFileType = sourcecode.swift; path = "BannerCollectionViewCell+Extenstion.swift"; sourceTree = "<group>"; };
/* End PBXFileReference section */

/* Begin PBXFrameworksBuildPhase section */
		2BD45F3C2A1C98D200334AC7 /* Frameworks */ = {
			isa = PBXFrameworksBuildPhase;
			buildActionMask = 2147483647;
			files = (
			);
			runOnlyForDeploymentPostprocessing = 0;
		};
/* End PBXFrameworksBuildPhase section */

/* Begin PBXGroup section */
		2BD45F362A1C98D200334AC7 = {
			isa = PBXGroup;
			children = (
				2BD45F412A1C98D200334AC7 /* banner */,
				2BD45F402A1C98D200334AC7 /* Products */,
			);
			sourceTree = "<group>";
		};
		2BD45F402A1C98D200334AC7 /* Products */ = {
			isa = PBXGroup;
			children = (
				2BD45F3F2A1C98D200334AC7 /* banner.app */,
			);
			name = Products;
			sourceTree = "<group>";
		};
		2BD45F412A1C98D200334AC7 /* banner */ = {
			isa = PBXGroup;
			children = (
				2BD45F422A1C98D200334AC7 /* AppDelegate.swift */,
				2BD45F442A1C98D200334AC7 /* SceneDelegate.swift */,
				2BD45F482A1C98D200334AC7 /* Main.storyboard */,
				2BD45F4B2A1C98DD00334AC7 /* Assets.xcassets */,
				2BD45F4D2A1C98DD00334AC7 /* LaunchScreen.storyboard */,
				2BDB0D2D2A20A5AE003A3228 /* view */,
				2BDB0D2B2A20A554003A3228 /* model */,
				2BDB0D2A2A20A540003A3228 /* service */,
				2BDB0D2C2A20A58C003A3228 /* view controller */,
				2BDB0D2E2A236B7E003A3228 /* extension */,
				2BD45F502A1C98DD00334AC7 /* Info.plist */,
			);
			path = banner;
			sourceTree = "<group>";
		};
		2BDB0D2A2A20A540003A3228 /* service */ = {
			isa = PBXGroup;
			children = (
				2BDB0D202A20760A003A3228 /* APIRequest.swift */,
				2BDB0D222A2080AF003A3228 /* APIService.swift */,
				2BDB0D282A20A4FA003A3228 /* HTTPMethod.swift */,
			);
			path = service;
			sourceTree = "<group>";
		};
		2BDB0D2B2A20A554003A3228 /* model */ = {
			isa = PBXGroup;
			children = (
				2BDB0D1E2A1F959D003A3228 /* Photo.swift */,
				2BDB0D242A209F17003A3228 /* Error.swift */,
			);
			path = model;
			sourceTree = "<group>";
		};
		2BDB0D2C2A20A58C003A3228 /* view controller */ = {
			isa = PBXGroup;
			children = (
				2BD45F462A1C98D200334AC7 /* ViewController.swift */,
			);
			path = "view controller";
			sourceTree = "<group>";
		};
		2BDB0D2D2A20A5AE003A3228 /* view */ = {
			isa = PBXGroup;
			children = (
				2BD45F562A1C9B4F00334AC7 /* BannerCollectionViewCell.swift */,
			);
			path = view;
			sourceTree = "<group>";
		};
		2BDB0D2E2A236B7E003A3228 /* extension */ = {
			isa = PBXGroup;
			children = (
				2BDB0D2F2A236BB1003A3228 /* BannerCollectionViewCell+Extenstion.swift */,
			);
			path = extension;
			sourceTree = "<group>";
		};
/* End PBXGroup section */

/* Begin PBXNativeTarget section */
		2BD45F3E2A1C98D200334AC7 /* banner */ = {
			isa = PBXNativeTarget;
			buildConfigurationList = 2BD45F532A1C98DD00334AC7 /* Build configuration list for PBXNativeTarget "banner" */;
			buildPhases = (
				2BD45F3B2A1C98D200334AC7 /* Sources */,
				2BD45F3C2A1C98D200334AC7 /* Frameworks */,
				2BD45F3D2A1C98D200334AC7 /* Resources */,
			);
			buildRules = (
			);
			dependencies = (
			);
			name = banner;
			productName = banner;
			productReference = 2BD45F3F2A1C98D200334AC7 /* banner.app */;
			productType = "com.apple.product-type.application";
		};
/* End PBXNativeTarget section */

/* Begin PBXProject section */
		2BD45F372A1C98D200334AC7 /* Project object */ = {
			isa = PBXProject;
			attributes = {
				BuildIndependentTargetsInParallel = 1;
				LastSwiftUpdateCheck = 1420;
				LastUpgradeCheck = 1420;
				TargetAttributes = {
					2BD45F3E2A1C98D200334AC7 = {
						CreatedOnToolsVersion = 14.2;
					};
				};
			};
			buildConfigurationList = 2BD45F3A2A1C98D200334AC7 /* Build configuration list for PBXProject "banner" */;
			compatibilityVersion = "Xcode 14.0";
			developmentRegion = en;
			hasScannedForEncodings = 0;
			knownRegions = (
				en,
				Base,
			);
			mainGroup = 2BD45F362A1C98D200334AC7;
			productRefGroup = 2BD45F402A1C98D200334AC7 /* Products */;
			projectDirPath = "";
			projectRoot = "";
			targets = (
				2BD45F3E2A1C98D200334AC7 /* banner */,
			);
		};
/* End PBXProject section */

/* Begin PBXResourcesBuildPhase section */
		2BD45F3D2A1C98D200334AC7 /* Resources */ = {
			isa = PBXResourcesBuildPhase;
			buildActionMask = 2147483647;
			files = (
				2BD45F4F2A1C98DD00334AC7 /* LaunchScreen.storyboard in Resources */,
				2BD45F4C2A1C98DD00334AC7 /* Assets.xcassets in Resources */,
				2BD45F4A2A1C98D200334AC7 /* Main.storyboard in Resources */,
			);
			runOnlyForDeploymentPostprocessing = 0;
		};
/* End PBXResourcesBuildPhase section */

/* Begin PBXSourcesBuildPhase section */
		2BD45F3B2A1C98D200334AC7 /* Sources */ = {
			isa = PBXSourcesBuildPhase;
			buildActionMask = 2147483647;
			files = (
				2BDB0D252A209F17003A3228 /* Error.swift in Sources */,
				2BD45F472A1C98D200334AC7 /* ViewController.swift in Sources */,
				2BDB0D232A2080AF003A3228 /* APIService.swift in Sources */,
				2BD45F432A1C98D200334AC7 /* AppDelegate.swift in Sources */,
				2BDB0D302A236BB1003A3228 /* BannerCollectionViewCell+Extenstion.swift in Sources */,
				2BD45F572A1C9B4F00334AC7 /* BannerCollectionViewCell.swift in Sources */,
				2BD45F452A1C98D200334AC7 /* SceneDelegate.swift in Sources */,
				2BDB0D212A20760A003A3228 /* APIRequest.swift in Sources */,
				2BDB0D292A20A4FA003A3228 /* HTTPMethod.swift in Sources */,
				2BDB0D1F2A1F959D003A3228 /* Photo.swift in Sources */,
			);
			runOnlyForDeploymentPostprocessing = 0;
		};
/* End PBXSourcesBuildPhase section */

/* Begin PBXVariantGroup section */
		2BD45F482A1C98D200334AC7 /* Main.storyboard */ = {
			isa = PBXVariantGroup;
			children = (
				2BD45F492A1C98D200334AC7 /* Base */,
			);
			name = Main.storyboard;
			sourceTree = "<group>";
		};
		2BD45F4D2A1C98DD00334AC7 /* LaunchScreen.storyboard */ = {
			isa = PBXVariantGroup;
			children = (
				2BD45F4E2A1C98DD00334AC7 /* Base */,
			);
			name = LaunchScreen.storyboard;
			sourceTree = "<group>";
		};
/* End PBXVariantGroup section */

/* Begin XCBuildConfiguration section */
		2BD45F512A1C98DD00334AC7 /* Debug */ = {
			isa = XCBuildConfiguration;
			buildSettings = {
				ALWAYS_SEARCH_USER_PATHS = NO;
				CLANG_ANALYZER_NONNULL = YES;
				CLANG_ANALYZER_NUMBER_OBJECT_CONVERSION = YES_AGGRESSIVE;
				CLANG_CXX_LANGUAGE_STANDARD = "gnu++20";
				CLANG_ENABLE_MODULES = YES;
				CLANG_ENABLE_OBJC_ARC = YES;
				CLANG_ENABLE_OBJC_WEAK = YES;
				CLANG_WARN_BLOCK_CAPTURE_AUTORELEASING = YES;
				CLANG_WARN_BOOL_CONVERSION = YES;
				CLANG_WARN_COMMA = YES;
				CLANG_WARN_CONSTANT_CONVERSION = YES;
				CLANG_WARN_DEPRECATED_OBJC_IMPLEMENTATIONS = YES;
				CLANG_WARN_DIRECT_OBJC_ISA_USAGE = YES_ERROR;
				CLANG_WARN_DOCUMENTATION_COMMENTS = YES;
				CLANG_WARN_EMPTY_BODY = YES;
				CLANG_WARN_ENUM_CONVERSION = YES;
				CLANG_WARN_INFINITE_RECURSION = YES;
				CLANG_WARN_INT_CONVERSION = YES;
				CLANG_WARN_NON_LITERAL_NULL_CONVERSION = YES;
				CLANG_WARN_OBJC_IMPLICIT_RETAIN_SELF = YES;
				CLANG_WARN_OBJC_LITERAL_CONVERSION = YES;
				CLANG_WARN_OBJC_ROOT_CLASS = YES_ERROR;
				CLANG_WARN_QUOTED_INCLUDE_IN_FRAMEWORK_HEADER = YES;
				CLANG_WARN_RANGE_LOOP_ANALYSIS = YES;
				CLANG_WARN_STRICT_PROTOTYPES = YES;
				CLANG_WARN_SUSPICIOUS_MOVE = YES;
				CLANG_WARN_UNGUARDED_AVAILABILITY = YES_AGGRESSIVE;
				CLANG_WARN_UNREACHABLE_CODE = YES;
				CLANG_WARN__DUPLICATE_METHOD_MATCH = YES;
				COPY_PHASE_STRIP = NO;
				DEBUG_INFORMATION_FORMAT = dwarf;
				ENABLE_STRICT_OBJC_MSGSEND = YES;
				ENABLE_TESTABILITY = YES;
				GCC_C_LANGUAGE_STANDARD = gnu11;
				GCC_DYNAMIC_NO_PIC = NO;
				GCC_NO_COMMON_BLOCKS = YES;
				GCC_OPTIMIZATION_LEVEL = 0;
				GCC_PREPROCESSOR_DEFINITIONS = (
					"DEBUG=1",
					"$(inherited)",
				);
				GCC_WARN_64_TO_32_BIT_CONVERSION = YES;
				GCC_WARN_ABOUT_RETURN_TYPE = YES_ERROR;
				GCC_WARN_UNDECLARED_SELECTOR = YES;
				GCC_WARN_UNINITIALIZED_AUTOS = YES_AGGRESSIVE;
				GCC_WARN_UNUSED_FUNCTION = YES;
				GCC_WARN_UNUSED_VARIABLE = YES;
				IPHONEOS_DEPLOYMENT_TARGET = 16.2;
				MTL_ENABLE_DEBUG_INFO = INCLUDE_SOURCE;
				MTL_FAST_MATH = YES;
				ONLY_ACTIVE_ARCH = YES;
				SDKROOT = iphoneos;
				SWIFT_ACTIVE_COMPILATION_CONDITIONS = DEBUG;
				SWIFT_OPTIMIZATION_LEVEL = "-Onone";
			};
			name = Debug;
		};
		2BD45F522A1C98DD00334AC7 /* Release */ = {
			isa = XCBuildConfiguration;
			buildSettings = {
				ALWAYS_SEARCH_USER_PATHS = NO;
				CLANG_ANALYZER_NONNULL = YES;
				CLANG_ANALYZER_NUMBER_OBJECT_CONVERSION = YES_AGGRESSIVE;
				CLANG_CXX_LANGUAGE_STANDARD = "gnu++20";
				CLANG_ENABLE_MODULES = YES;
				CLANG_ENABLE_OBJC_ARC = YES;
				CLANG_ENABLE_OBJC_WEAK = YES;
				CLANG_WARN_BLOCK_CAPTURE_AUTORELEASING = YES;
				CLANG_WARN_BOOL_CONVERSION = YES;
				CLANG_WARN_COMMA = YES;
				CLANG_WARN_CONSTANT_CONVERSION = YES;
				CLANG_WARN_DEPRECATED_OBJC_IMPLEMENTATIONS = YES;
				CLANG_WARN_DIRECT_OBJC_ISA_USAGE = YES_ERROR;
				CLANG_WARN_DOCUMENTATION_COMMENTS = YES;
				CLANG_WARN_EMPTY_BODY = YES;
				CLANG_WARN_ENUM_CONVERSION = YES;
				CLANG_WARN_INFINITE_RECURSION = YES;
				CLANG_WARN_INT_CONVERSION = YES;
				CLANG_WARN_NON_LITERAL_NULL_CONVERSION = YES;
				CLANG_WARN_OBJC_IMPLICIT_RETAIN_SELF = YES;
				CLANG_WARN_OBJC_LITERAL_CONVERSION = YES;
				CLANG_WARN_OBJC_ROOT_CLASS = YES_ERROR;
				CLANG_WARN_QUOTED_INCLUDE_IN_FRAMEWORK_HEADER = YES;
				CLANG_WARN_RANGE_LOOP_ANALYSIS = YES;
				CLANG_WARN_STRICT_PROTOTYPES = YES;
				CLANG_WARN_SUSPICIOUS_MOVE = YES;
				CLANG_WARN_UNGUARDED_AVAILABILITY = YES_AGGRESSIVE;
				CLANG_WARN_UNREACHABLE_CODE = YES;
				CLANG_WARN__DUPLICATE_METHOD_MATCH = YES;
				COPY_PHASE_STRIP = NO;
				DEBUG_INFORMATION_FORMAT = "dwarf-with-dsym";
				ENABLE_NS_ASSERTIONS = NO;
				ENABLE_STRICT_OBJC_MSGSEND = YES;
				GCC_C_LANGUAGE_STANDARD = gnu11;
				GCC_NO_COMMON_BLOCKS = YES;
				GCC_WARN_64_TO_32_BIT_CONVERSION = YES;
				GCC_WARN_ABOUT_RETURN_TYPE = YES_ERROR;
				GCC_WARN_UNDECLARED_SELECTOR = YES;
				GCC_WARN_UNINITIALIZED_AUTOS = YES_AGGRESSIVE;
				GCC_WARN_UNUSED_FUNCTION = YES;
				GCC_WARN_UNUSED_VARIABLE = YES;
				IPHONEOS_DEPLOYMENT_TARGET = 16.2;
				MTL_ENABLE_DEBUG_INFO = NO;
				MTL_FAST_MATH = YES;
				SDKROOT = iphoneos;
				SWIFT_COMPILATION_MODE = wholemodule;
				SWIFT_OPTIMIZATION_LEVEL = "-O";
				VALIDATE_PRODUCT = YES;
			};
			name = Release;
		};
		2BD45F542A1C98DD00334AC7 /* Debug */ = {
			isa = XCBuildConfiguration;
			buildSettings = {
				ASSETCATALOG_COMPILER_APPICON_NAME = AppIcon;
				ASSETCATALOG_COMPILER_GLOBAL_ACCENT_COLOR_NAME = AccentColor;
				CODE_SIGN_STYLE = Automatic;
				CURRENT_PROJECT_VERSION = 1;
				DEVELOPMENT_TEAM = LVVC852PWL;
				GENERATE_INFOPLIST_FILE = YES;
				INFOPLIST_FILE = banner/Info.plist;
				INFOPLIST_KEY_UIApplicationSupportsIndirectInputEvents = YES;
				INFOPLIST_KEY_UILaunchStoryboardName = LaunchScreen;
				INFOPLIST_KEY_UIMainStoryboardFile = Main;
				INFOPLIST_KEY_UISupportedInterfaceOrientations_iPad = "UIInterfaceOrientationPortrait UIInterfaceOrientationPortraitUpsideDown UIInterfaceOrientationLandscapeLeft UIInterfaceOrientationLandscapeRight";
				INFOPLIST_KEY_UISupportedInterfaceOrientations_iPhone = "UIInterfaceOrientationPortrait UIInterfaceOrientationLandscapeLeft UIInterfaceOrientationLandscapeRight";
				LD_RUNPATH_SEARCH_PATHS = (
					"$(inherited)",
					"@executable_path/Frameworks",
				);
				MARKETING_VERSION = 1.0;
				PRODUCT_BUNDLE_IDENTIFIER = "com.jru-studio.banner";
				PRODUCT_NAME = "$(TARGET_NAME)";
				SWIFT_EMIT_LOC_STRINGS = YES;
				SWIFT_VERSION = 5.0;
				TARGETED_DEVICE_FAMILY = "1,2";
			};
			name = Debug;
		};
		2BD45F552A1C98DD00334AC7 /* Release */ = {
			isa = XCBuildConfiguration;
			buildSettings = {
				ASSETCATALOG_COMPILER_APPICON_NAME = AppIcon;
				ASSETCATALOG_COMPILER_GLOBAL_ACCENT_COLOR_NAME = AccentColor;
				CODE_SIGN_STYLE = Automatic;
				CURRENT_PROJECT_VERSION = 1;
				DEVELOPMENT_TEAM = LVVC852PWL;
				GENERATE_INFOPLIST_FILE = YES;
				INFOPLIST_FILE = banner/Info.plist;
				INFOPLIST_KEY_UIApplicationSupportsIndirectInputEvents = YES;
				INFOPLIST_KEY_UILaunchStoryboardName = LaunchScreen;
				INFOPLIST_KEY_UIMainStoryboardFile = Main;
				INFOPLIST_KEY_UISupportedInterfaceOrientations_iPad = "UIInterfaceOrientationPortrait UIInterfaceOrientationPortraitUpsideDown UIInterfaceOrientationLandscapeLeft UIInterfaceOrientationLandscapeRight";
				INFOPLIST_KEY_UISupportedInterfaceOrientations_iPhone = "UIInterfaceOrientationPortrait UIInterfaceOrientationLandscapeLeft UIInterfaceOrientationLandscapeRight";
				LD_RUNPATH_SEARCH_PATHS = (
					"$(inherited)",
					"@executable_path/Frameworks",
				);
				MARKETING_VERSION = 1.0;
				PRODUCT_BUNDLE_IDENTIFIER = "com.jru-studio.banner";
				PRODUCT_NAME = "$(TARGET_NAME)";
				SWIFT_EMIT_LOC_STRINGS = YES;
				SWIFT_VERSION = 5.0;
				TARGETED_DEVICE_FAMILY = "1,2";
			};
			name = Release;
		};
/* End XCBuildConfiguration section */

/* Begin XCConfigurationList section */
		2BD45F3A2A1C98D200334AC7 /* Build configuration list for PBXProject "banner" */ = {
			isa = XCConfigurationList;
			buildConfigurations = (
				2BD45F512A1C98DD00334AC7 /* Debug */,
				2BD45F522A1C98DD00334AC7 /* Release */,
			);
			defaultConfigurationIsVisible = 0;
			defaultConfigurationName = Release;
		};
		2BD45F532A1C98DD00334AC7 /* Build configuration list for PBXNativeTarget "banner" */ = {
			isa = XCConfigurationList;
			buildConfigurations = (
				2BD45F542A1C98DD00334AC7 /* Debug */,
				2BD45F552A1C98DD00334AC7 /* Release */,
			);
			defaultConfigurationIsVisible = 0;
			defaultConfigurationName = Release;
		};
/* End XCConfigurationList section */
	};
	rootObject = 2BD45F372A1C98D200334AC7 /* Project object */;
}
